
Microsoft Visual Studio Solution File, Format Version 12.00
# Visual Studio Version 16
VisualStudioVersion = 16.0.32407.337
MinimumVisualStudioVersion = 10.0.40219.1
Project("{FAE04EC0-301F-11D3-BF4B-00C04F79EFBC}") = "EmpMvcDemo", "EmpMvcDemo\EmpMvcDemo.csproj", "{79CAA5A1-A05A-4898-AD3F-5D63E60BC200}"
EndProject
Project("{FAE04EC0-301F-11D3-BF4B-00C04F79EFBC}") = "EmpMvcDemo.Models", "EmpMvcDemo.Models\EmpMvcDemo.Models.csproj", "{408C97AF-57F0-49D5-8B11-906475397952}"
EndProject
Global
	GlobalSection(SolutionConfigurationPlatforms) = preSolution
		Debug|Any CPU = Debug|Any CPU
		Release|Any CPU = Release|Any CPU
	EndGlobalSection
	GlobalSection(ProjectConfigurationPlatforms) = postSolution
		{79CAA5A1-A05A-4898-AD3F-5D63E60BC200}.Debug|Any CPU.ActiveCfg = Debug|Any CPU
		{79CAA5A1-A05A-4898-AD3F-5D63E60BC200}.Debug|Any CPU.Build.0 = Debug|Any CPU
		{79CAA5A1-A05A-4898-AD3F-5D63E60BC200}.Release|Any CPU.ActiveCfg = Release|Any CPU
		{79CAA5A1-A05A-4898-AD3F-5D63E60BC200}.Release|Any CPU.Build.0 = Release|Any CPU
		{408C97AF-57F0-49D5-8B11-906475397952}.Debug|Any CPU.ActiveCfg = Debug|Any CPU
		{408C97AF-57F0-49D5-8B11-906475397952}.Debug|Any CPU.Build.0 = Debug|Any CPU
		{408C97AF-57F0-49D5-8B11-906475397952}.Release|Any CPU.ActiveCfg = Release|Any CPU
		{408C97AF-57F0-49D5-8B11-906475397952}.Release|Any CPU.Build.0 = Release|Any CPU
	EndGlobalSection
	GlobalSection(SolutionProperties) = preSolution
		HideSolutionNode = FALSE
	EndGlobalSection
	GlobalSection(ExtensibilityGlobals) = postSolution
		SolutionGuid = {AE52E558-7BA6-4419-9435-D40A47CB8308}
	EndGlobalSection
EndGlobal
